
Microsoft Visual Studio Solution File, Format Version 12.00
# Visual Studio Version 17
VisualStudioVersion = 17.14.36203.30 d17.14
MinimumVisualStudioVersion = 10.0.40219.1
Project("{FAE04EC0-301F-11D3-BF4B-00C04F79EFBC}") = "RestBookMVC (Cliente)", "RestBookMVC (Cliente)\RestBookMVC (Cliente).csproj", "{E50A5A62-B4ED-4C1C-BA01-F9753633E3C4}"
EndProject
Global
	GlobalSection(SolutionConfigurationPlatforms) = preSolution
		Debug|Any CPU = Debug|Any CPU
		Release|Any CPU = Release|Any CPU
	EndGlobalSection
	GlobalSection(ProjectConfigurationPlatforms) = postSolution
		{E50A5A62-B4ED-4C1C-BA01-F9753633E3C4}.Debug|Any CPU.ActiveCfg = Debug|Any CPU
		{E50A5A62-B4ED-4C1C-BA01-F9753633E3C4}.Debug|Any CPU.Build.0 = Debug|Any CPU
		{E50A5A62-B4ED-4C1C-BA01-F9753633E3C4}.Release|Any CPU.ActiveCfg = Release|Any CPU
		{E50A5A62-B4ED-4C1C-BA01-F9753633E3C4}.Release|Any CPU.Build.0 = Release|Any CPU
	EndGlobalSection
	GlobalSection(SolutionProperties) = preSolution
		HideSolutionNode = FALSE
	EndGlobalSection
	GlobalSection(ExtensibilityGlobals) = postSolution
		SolutionGuid = {5314F818-DD10-420B-8CAE-4C9FF469FE97}
	EndGlobalSection
EndGlobal
